<?xml version="1.0" encoding="utf-8"?>
<Project ToolsVersion="4.0" xmlns="http://schemas.microsoft.com/developer/msbuild/2003">
  <ItemGroup>
    <Filter Include="Source Files">
      <UniqueIdentifier>{4FC737F1-C7A5-4376-A066-2A32D752A2FF}</UniqueIdentifier>
      <Extensions>cpp;c;cc;cxx;def;odl;idl;hpj;bat;asm;asmx</Extensions>
    </Filter>
    <Filter Include="Header Files">
      <UniqueIdentifier>{93995380-89BD-4b04-88EB-625FBE52EBFB}</UniqueIdentifier>
      <Extensions>h;hh;hpp;hxx;hm;inl;inc;xsd</Extensions>
    </Filter>
    <Filter Include="Resource Files">
      <UniqueIdentifier>{67DA6AB6-F800-4c08-8B7A-83BB121AAD01}</UniqueIdentifier>
      <Extensions>rc;ico;cur;bmp;dlg;rc2;rct;bin;rgs;gif;jpg;jpeg;jpe;resx;tiff;tif;png;wav;mfcribbon-ms</Extensions>
    </Filter>
  </ItemGroup>
  <ItemGroup>
    <None Include="wled00.ino" />
    <None Include="wled01_eeprom.ino" />
    <None Include="wled02_xml.ino" />
    <None Include="wled03_set.ino" />
    <None Include="wled04_file.ino" />
    <None Include="wled05_init.ino" />
    <None Include="wled06_usermod.ino" />
    <None Include="wled07_notify.ino" />
    <None Include="wled08_led.ino" />
    <None Include="wled09_button.ino" />
    <None Include="wled10_ntp.ino" />
    <None Include="wled11_ol.ino" />
    <None Include="wled12_alexa.ino" />
    <None Include="wled13_cronixie.ino" />
    <None Include="wled14_colors.ino" />
    <None Include="wled15_hue.ino" />
    <None Include="wled16_blynk.ino" />
    <None Include="wled17_mqtt.ino" />
    <None Include="wled18_server.ino" />
    <None Include="wled19_json.ino" />
    <None Include="wled20_ir.ino" />
  </ItemGroup>
  <ItemGroup>
    <ClInclude Include="__vm\.wled00.vsarduino.h">
      <Filter>Header Files</Filter>
    </ClInclude>
    <ClInclude Include="html_classic.h">
      <Filter>Header Files</Filter>
    </ClInclude>
    <ClInclude Include="html_mobile.h">
      <Filter>Header Files</Filter>
    </ClInclude>
    <ClInclude Include="html_other.h">
      <Filter>Header Files</Filter>
    </ClInclude>
    <ClInclude Include="html_settings.h">
      <Filter>Header Files</Filter>
    </ClInclude>
    <ClInclude Include="ir_codes.h">
      <Filter>Header Files</Filter>
    </ClInclude>
    <ClInclude Include="NpbWrapper.h">
      <Filter>Header Files</Filter>
    </ClInclude>
    <ClInclude Include="palettes.h">
      <Filter>Header Files</Filter>
    </ClInclude>
    <ClInclude Include="src\dependencies\async-mqtt-client\AsyncMqttClient.h">
      <Filter>Header Files</Filter>
    </ClInclude>
    <ClInclude Include="src\dependencies\async-mqtt-client\AsyncMqttClient.hpp">
      <Filter>Header Files</Filter>
    </ClInclude>
    <ClInclude Include="src\dependencies\async-mqtt-client\AsyncMqttClient\Callbacks.hpp">
      <Filter>Header Files</Filter>
    </ClInclude>
    <ClInclude Include="src\dependencies\async-mqtt-client\AsyncMqttClient\DisconnectReasons.hpp">
      <Filter>Header Files</Filter>
    </ClInclude>
    <ClInclude Include="src\dependencies\async-mqtt-client\AsyncMqttClient\Flags.hpp">
      <Filter>Header Files</Filter>
    </ClInclude>
    <ClInclude Include="src\dependencies\async-mqtt-client\AsyncMqttClient\Helpers.hpp">
      <Filter>Header Files</Filter>
    </ClInclude>
    <ClInclude Include="src\dependencies\async-mqtt-client\AsyncMqttClient\MessageProperties.hpp">
      <Filter>Header Files</Filter>
    </ClInclude>
    <ClInclude Include="src\dependencies\async-mqtt-client\AsyncMqttClient\ParsingInformation.hpp">
      <Filter>Header Files</Filter>
    </ClInclude>
    <ClInclude Include="src\dependencies\async-mqtt-client\AsyncMqttClient\Storage.hpp">
      <Filter>Header Files</Filter>
    </ClInclude>
    <ClInclude Include="src\dependencies\async-mqtt-client\AsyncMqttClient\Packets\ConnAckPacket.hpp">
      <Filter>Header Files</Filter>
    </ClInclude>
    <ClInclude Include="src\dependencies\async-mqtt-client\AsyncMqttClient\Packets\Packet.hpp">
      <Filter>Header Files</Filter>
    </ClInclude>
    <ClInclude Include="src\dependencies\async-mqtt-client\AsyncMqttClient\Packets\PingRespPacket.hpp">
      <Filter>Header Files</Filter>
    </ClInclude>
    <ClInclude Include="src\dependencies\async-mqtt-client\AsyncMqttClient\Packets\PubAckPacket.hpp">
      <Filter>Header Files</Filter>
    </ClInclude>
    <ClInclude Include="src\dependencies\async-mqtt-client\AsyncMqttClient\Packets\PubCompPacket.hpp">
      <Filter>Header Files</Filter>
    </ClInclude>
    <ClInclude Include="src\dependencies\async-mqtt-client\AsyncMqttClient\Packets\PublishPacket.hpp">
      <Filter>Header Files</Filter>
    </ClInclude>
    <ClInclude Include="src\dependencies\async-mqtt-client\AsyncMqttClient\Packets\PubRecPacket.hpp">
      <Filter>Header Files</Filter>
    </ClInclude>
    <ClInclude Include="src\dependencies\async-mqtt-client\AsyncMqttClient\Packets\PubRelPacket.hpp">
      <Filter>Header Files</Filter>
    </ClInclude>
    <ClInclude Include="src\dependencies\async-mqtt-client\AsyncMqttClient\Packets\SubAckPacket.hpp">
      <Filter>Header Files</Filter>
    </ClInclude>
    <ClInclude Include="src\dependencies\async-mqtt-client\AsyncMqttClient\Packets\UnsubAckPacket.hpp">
      <Filter>Header Files</Filter>
    </ClInclude>
    <ClInclude Include="src\dependencies\blynk\BlynkSimpleEsp.h">
      <Filter>Header Files</Filter>
    </ClInclude>
    <ClInclude Include="src\dependencies\blynk\Blynk\BlynkApi.h">
      <Filter>Header Files</Filter>
    </ClInclude>
    <ClInclude Include="src\dependencies\blynk\Blynk\BlynkApiArduino.h">
      <Filter>Header Files</Filter>
    </ClInclude>
    <ClInclude Include="src\dependencies\blynk\Blynk\BlynkArduinoClient.h">
      <Filter>Header Files</Filter>
    </ClInclude>
    <ClInclude Include="src\dependencies\blynk\Blynk\BlynkConfig.h">
      <Filter>Header Files</Filter>
    </ClInclude>
    <ClInclude Include="src\dependencies\blynk\Blynk\BlynkDateTime.h">
      <Filter>Header Files</Filter>
    </ClInclude>
    <ClInclude Include="src\dependencies\blynk\Blynk\BlynkDebug.h">
      <Filter>Header Files</Filter>
    </ClInclude>
    <ClInclude Include="src\dependencies\blynk\Blynk\BlynkDetectDevice.h">
      <Filter>Header Files</Filter>
    </ClInclude>
    <ClInclude Include="src\dependencies\blynk\Blynk\BlynkEveryN.h">
      <Filter>Header Files</Filter>
    </ClInclude>
    <ClInclude Include="src\dependencies\blynk\Blynk\BlynkFifo.h">
      <Filter>Header Files</Filter>
    </ClInclude>
    <ClInclude Include="src\dependencies\blynk\Blynk\BlynkHandlers.h">
      <Filter>Header Files</Filter>
    </ClInclude>
    <ClInclude Include="src\dependencies\blynk\Blynk\BlynkParam.h">
      <Filter>Header Files</Filter>
    </ClInclude>
    <ClInclude Include="src\dependencies\blynk\Blynk\BlynkProtocol.h">
      <Filter>Header Files</Filter>
    </ClInclude>
    <ClInclude Include="src\dependencies\blynk\Blynk\BlynkProtocolDefs.h">
      <Filter>Header Files</Filter>
    </ClInclude>
    <ClInclude Include="src\dependencies\blynk\Blynk\BlynkTemplates.h">
      <Filter>Header Files</Filter>
    </ClInclude>
    <ClInclude Include="src\dependencies\blynk\Blynk\BlynkTimer.h">
      <Filter>Header Files</Filter>
    </ClInclude>
    <ClInclude Include="src\dependencies\blynk\Blynk\BlynkUtility.h">
      <Filter>Header Files</Filter>
    </ClInclude>
    <ClInclude Include="src\dependencies\blynk\Blynk\BlynkWidgetBase.h">
      <Filter>Header Files</Filter>
    </ClInclude>
    <ClInclude Include="src\dependencies\blynk\Blynk\BlynkWiFiCommon.h">
      <Filter>Header Files</Filter>
    </ClInclude>
    <ClInclude Include="src\dependencies\espalexa\Espalexa.h">
      <Filter>Header Files</Filter>
    </ClInclude>
    <ClInclude Include="src\dependencies\espalexa\EspalexaDevice.h">
      <Filter>Header Files</Filter>
    </ClInclude>
    <ClInclude Include="src\dependencies\json\ArduinoJson-v6.h">
      <Filter>Header Files</Filter>
    </ClInclude>
    <ClInclude Include="src\dependencies\json\AsyncJson-v6.h">
      <Filter>Header Files</Filter>
    </ClInclude>
    <ClInclude Include="src\dependencies\time\Time.h">
      <Filter>Header Files</Filter>
    </ClInclude>
    <ClInclude Include="src\dependencies\time\TimeLib.h">
      <Filter>Header Files</Filter>
    </ClInclude>
    <ClInclude Include="src\dependencies\timezone\Timezone.h">
      <Filter>Header Files</Filter>
    </ClInclude>
    <ClInclude Include="FX.h">
      <Filter>Header Files</Filter>
    </ClInclude>
    <ClInclude Include="src\dependencies\e131\ESPAsyncE131.h">
      <Filter>Header Files</Filter>
    </ClInclude>
  </ItemGroup>
  <ItemGroup>
    <ClCompile Include="src\dependencies\async-mqtt-client\AsyncMqttClient.cpp">
      <Filter>Source Files</Filter>
    </ClCompile>
    <ClCompile Include="src\dependencies\async-mqtt-client\AsyncMqttClient\Packets\ConnAckPacket.cpp">
      <Filter>Source Files</Filter>
    </ClCompile>
    <ClCompile Include="src\dependencies\async-mqtt-client\AsyncMqttClient\Packets\PingRespPacket.cpp">
      <Filter>Source Files</Filter>
    </ClCompile>
    <ClCompile Include="src\dependencies\async-mqtt-client\AsyncMqttClient\Packets\PubAckPacket.cpp">
      <Filter>Source Files</Filter>
    </ClCompile>
    <ClCompile Include="src\dependencies\async-mqtt-client\AsyncMqttClient\Packets\PubCompPacket.cpp">
      <Filter>Source Files</Filter>
    </ClCompile>
    <ClCompile Include="src\dependencies\async-mqtt-client\AsyncMqttClient\Packets\PublishPacket.cpp">
      <Filter>Source Files</Filter>
    </ClCompile>
    <ClCompile Include="src\dependencies\async-mqtt-client\AsyncMqttClient\Packets\PubRecPacket.cpp">
      <Filter>Source Files</Filter>
    </ClCompile>
    <ClCompile Include="src\dependencies\async-mqtt-client\AsyncMqttClient\Packets\PubRelPacket.cpp">
      <Filter>Source Files</Filter>
    </ClCompile>
    <ClCompile Include="src\dependencies\async-mqtt-client\AsyncMqttClient\Packets\SubAckPacket.cpp">
      <Filter>Source Files</Filter>
    </ClCompile>
    <ClCompile Include="src\dependencies\async-mqtt-client\AsyncMqttClient\Packets\UnsubAckPacket.cpp">
      <Filter>Source Files</Filter>
    </ClCompile>
    <ClCompile Include="src\dependencies\blynk\Blynk\BlynkDebug.cpp">
      <Filter>Source Files</Filter>
    </ClCompile>
    <ClCompile Include="src\dependencies\blynk\Blynk\BlynkHandlers.cpp">
      <Filter>Source Files</Filter>
    </ClCompile>
    <ClCompile Include="src\dependencies\blynk\Blynk\BlynkTimer.cpp">
      <Filter>Source Files</Filter>
    </ClCompile>
    <ClCompile Include="src\dependencies\blynk\Blynk\utility.cpp">
      <Filter>Source Files</Filter>
    </ClCompile>
    <ClCompile Include="src\dependencies\espalexa\EspalexaDevice.cpp">
      <Filter>Source Files</Filter>
    </ClCompile>
    <ClCompile Include="src\dependencies\time\DateStrings.cpp">
      <Filter>Source Files</Filter>
    </ClCompile>
    <ClCompile Include="src\dependencies\time\Time.cpp">
      <Filter>Source Files</Filter>
    </ClCompile>
    <ClCompile Include="src\dependencies\timezone\Timezone.cpp">
      <Filter>Source Files</Filter>
    </ClCompile>
    <ClCompile Include="FX.cpp">
      <Filter>Source Files</Filter>
    </ClCompile>
    <ClCompile Include="FX_fcn.cpp">
      <Filter>Source Files</Filter>
    </ClCompile>
    <ClCompile Include="src\dependencies\e131\ESPAsyncE131.cpp">
      <Filter>Source Files</Filter>
    </ClCompile>
  </ItemGroup>
</Project>