<?xml version="1.0" encoding="utf-8"?>
<Project ToolsVersion="4.0" xmlns="http://schemas.microsoft.com/developer/msbuild/2003">
  <ItemGroup>
    <Filter Include="Source Files">
      <UniqueIdentifier>{4FC737F1-C7A5-4376-A066-2A32D752A2FF}</UniqueIdentifier>
      <Extensions>cpp;c;cc;cxx;def;odl;idl;hpj;bat;asm;asmx</Extensions>
    </Filter>
    <Filter Include="Header Files">
      <UniqueIdentifier>{93995380-89BD-4b04-88EB-625FBE52EBFB}</UniqueIdentifier>
      <Extensions>h;hh;hpp;hxx;hm;inl;inc;xsd</Extensions>
    </Filter>
    <Filter Include="Resource Files">
      <UniqueIdentifier>{67DA6AB6-F800-4c08-8B7A-83BB121AAD01}</UniqueIdentifier>
      <Extensions>rc;ico;cur;bmp;dlg;rc2;rct;bin;rgs;gif;jpg;jpeg;jpe;resx;tiff;tif;png;wav;mfcribbon-ms</Extensions>
    </Filter>
    <Filter Include="Source Files\Dependencies">
      <UniqueIdentifier>{72fe60da-ba26-45b4-82c1-bdff809975da}</UniqueIdentifier>
    </Filter>
    <Filter Include="Header Files\Dependencies">
      <UniqueIdentifier>{8880888d-efea-4189-a25a-834b7b3bb756}</UniqueIdentifier>
    </Filter>
  </ItemGroup>
  <ItemGroup>
    <None Include="wled00.ino" />
  </ItemGroup>
  <ItemGroup>
    <ClInclude Include="__vm\.wled00.vsarduino.h">
      <Filter>Header Files</Filter>
    </ClInclude>
    <ClInclude Include="html_classic.h">
      <Filter>Header Files</Filter>
    </ClInclude>
    <ClInclude Include="html_mobile.h">
      <Filter>Header Files</Filter>
    </ClInclude>
    <ClInclude Include="html_other.h">
      <Filter>Header Files</Filter>
    </ClInclude>
    <ClInclude Include="html_settings.h">
      <Filter>Header Files</Filter>
    </ClInclude>
    <ClInclude Include="FX.h">
      <Filter>Header Files</Filter>
    </ClInclude>
    <ClInclude Include="src\dependencies\json\ArduinoJson-v6.h">
      <Filter>Header Files\Dependencies</Filter>
    </ClInclude>
    <ClInclude Include="src\dependencies\json\AsyncJson-v6.h">
      <Filter>Header Files\Dependencies</Filter>
    </ClInclude>
    <ClInclude Include="src\dependencies\async-mqtt-client\AsyncMqttClient.h">
      <Filter>Header Files\Dependencies</Filter>
    </ClInclude>
    <ClInclude Include="src\dependencies\async-mqtt-client\AsyncMqttClient.hpp">
      <Filter>Header Files\Dependencies</Filter>
    </ClInclude>
    <ClInclude Include="src\dependencies\blynk\Blynk\BlynkApi.h">
      <Filter>Header Files\Dependencies</Filter>
    </ClInclude>
    <ClInclude Include="src\dependencies\blynk\Blynk\BlynkApiArduino.h">
      <Filter>Header Files\Dependencies</Filter>
    </ClInclude>
    <ClInclude Include="src\dependencies\blynk\Blynk\BlynkArduinoClient.h">
      <Filter>Header Files\Dependencies</Filter>
    </ClInclude>
    <ClInclude Include="src\dependencies\blynk\Blynk\BlynkConfig.h">
      <Filter>Header Files\Dependencies</Filter>
    </ClInclude>
    <ClInclude Include="src\dependencies\blynk\Blynk\BlynkDateTime.h">
      <Filter>Header Files\Dependencies</Filter>
    </ClInclude>
    <ClInclude Include="src\dependencies\blynk\Blynk\BlynkDebug.h">
      <Filter>Header Files\Dependencies</Filter>
    </ClInclude>
    <ClInclude Include="src\dependencies\blynk\Blynk\BlynkDetectDevice.h">
      <Filter>Header Files\Dependencies</Filter>
    </ClInclude>
    <ClInclude Include="src\dependencies\blynk\Blynk\BlynkEveryN.h">
      <Filter>Header Files\Dependencies</Filter>
    </ClInclude>
    <ClInclude Include="src\dependencies\blynk\Blynk\BlynkFifo.h">
      <Filter>Header Files\Dependencies</Filter>
    </ClInclude>
    <ClInclude Include="src\dependencies\blynk\Blynk\BlynkHandlers.h">
      <Filter>Header Files\Dependencies</Filter>
    </ClInclude>
    <ClInclude Include="src\dependencies\blynk\Blynk\BlynkParam.h">
      <Filter>Header Files\Dependencies</Filter>
    </ClInclude>
    <ClInclude Include="src\dependencies\blynk\Blynk\BlynkProtocol.h">
      <Filter>Header Files\Dependencies</Filter>
    </ClInclude>
    <ClInclude Include="src\dependencies\blynk\Blynk\BlynkProtocolDefs.h">
      <Filter>Header Files\Dependencies</Filter>
    </ClInclude>
    <ClInclude Include="src\dependencies\blynk\BlynkSimpleEsp.h">
      <Filter>Header Files\Dependencies</Filter>
    </ClInclude>
    <ClInclude Include="src\dependencies\blynk\Blynk\BlynkTemplates.h">
      <Filter>Header Files\Dependencies</Filter>
    </ClInclude>
    <ClInclude Include="src\dependencies\blynk\Blynk\BlynkTimer.h">
      <Filter>Header Files\Dependencies</Filter>
    </ClInclude>
    <ClInclude Include="src\dependencies\blynk\Blynk\BlynkUtility.h">
      <Filter>Header Files\Dependencies</Filter>
    </ClInclude>
    <ClInclude Include="src\dependencies\blynk\Blynk\BlynkWidgetBase.h">
      <Filter>Header Files\Dependencies</Filter>
    </ClInclude>
    <ClInclude Include="src\dependencies\blynk\Blynk\BlynkWiFiCommon.h">
      <Filter>Header Files\Dependencies</Filter>
    </ClInclude>
    <ClInclude Include="src\dependencies\async-mqtt-client\AsyncMqttClient\Callbacks.hpp">
      <Filter>Header Files\Dependencies</Filter>
    </ClInclude>
    <ClInclude Include="src\dependencies\async-mqtt-client\AsyncMqttClient\Packets\ConnAckPacket.hpp">
      <Filter>Header Files\Dependencies</Filter>
    </ClInclude>
    <ClInclude Include="src\dependencies\async-mqtt-client\AsyncMqttClient\DisconnectReasons.hpp">
      <Filter>Header Files\Dependencies</Filter>
    </ClInclude>
    <ClInclude Include="src\dependencies\espalexa\Espalexa.h">
      <Filter>Header Files\Dependencies</Filter>
    </ClInclude>
    <ClInclude Include="src\dependencies\espalexa\EspalexaDevice.h">
      <Filter>Header Files\Dependencies</Filter>
    </ClInclude>
    <ClInclude Include="src\dependencies\e131\ESPAsyncE131.h">
      <Filter>Header Files\Dependencies</Filter>
    </ClInclude>
    <ClInclude Include="src\dependencies\async-mqtt-client\AsyncMqttClient\Flags.hpp">
      <Filter>Header Files\Dependencies</Filter>
    </ClInclude>
    <ClInclude Include="src\dependencies\async-mqtt-client\AsyncMqttClient\Helpers.hpp">
      <Filter>Header Files\Dependencies</Filter>
    </ClInclude>
    <ClInclude Include="src\dependencies\async-mqtt-client\AsyncMqttClient\MessageProperties.hpp">
      <Filter>Header Files\Dependencies</Filter>
    </ClInclude>
    <ClInclude Include="NpbWrapper.h">
      <Filter>Header Files\Dependencies</Filter>
    </ClInclude>
    <ClInclude Include="src\dependencies\async-mqtt-client\AsyncMqttClient\Packets\Packet.hpp">
      <Filter>Header Files\Dependencies</Filter>
    </ClInclude>
    <ClInclude Include="src\dependencies\async-mqtt-client\AsyncMqttClient\ParsingInformation.hpp">
      <Filter>Header Files\Dependencies</Filter>
    </ClInclude>
    <ClInclude Include="src\dependencies\async-mqtt-client\AsyncMqttClient\Packets\PingRespPacket.hpp">
      <Filter>Header Files\Dependencies</Filter>
    </ClInclude>
    <ClInclude Include="src\dependencies\async-mqtt-client\AsyncMqttClient\Packets\PubAckPacket.hpp">
      <Filter>Header Files\Dependencies</Filter>
    </ClInclude>
    <ClInclude Include="src\dependencies\async-mqtt-client\AsyncMqttClient\Packets\PubCompPacket.hpp">
      <Filter>Header Files\Dependencies</Filter>
    </ClInclude>
    <ClInclude Include="src\dependencies\async-mqtt-client\AsyncMqttClient\Packets\PublishPacket.hpp">
      <Filter>Header Files\Dependencies</Filter>
    </ClInclude>
    <ClInclude Include="src\dependencies\async-mqtt-client\AsyncMqttClient\Packets\PubRecPacket.hpp">
      <Filter>Header Files\Dependencies</Filter>
    </ClInclude>
    <ClInclude Include="src\dependencies\async-mqtt-client\AsyncMqttClient\Packets\PubRelPacket.hpp">
      <Filter>Header Files\Dependencies</Filter>
    </ClInclude>
    <ClInclude Include="src\dependencies\async-mqtt-client\AsyncMqttClient\Storage.hpp">
      <Filter>Header Files\Dependencies</Filter>
    </ClInclude>
    <ClInclude Include="src\dependencies\async-mqtt-client\AsyncMqttClient\Packets\SubAckPacket.hpp">
      <Filter>Header Files\Dependencies</Filter>
    </ClInclude>
    <ClInclude Include="src\dependencies\time\Time.h">
      <Filter>Header Files\Dependencies</Filter>
    </ClInclude>
    <ClInclude Include="src\dependencies\time\TimeLib.h">
      <Filter>Header Files\Dependencies</Filter>
    </ClInclude>
    <ClInclude Include="src\dependencies\timezone\Timezone.h">
      <Filter>Header Files\Dependencies</Filter>
    </ClInclude>
    <ClInclude Include="src\dependencies\async-mqtt-client\AsyncMqttClient\Packets\UnsubAckPacket.hpp">
      <Filter>Header Files\Dependencies</Filter>
    </ClInclude>
    <ClInclude Include="alexa.h">
      <Filter>Header Files</Filter>
    </ClInclude>
    <ClInclude Include="blynk.h">
      <Filter>Header Files</Filter>
    </ClInclude>
    <ClInclude Include="button.h">
      <Filter>Header Files</Filter>
    </ClInclude>
    <ClInclude Include="colors.h">
      <Filter>Header Files</Filter>
    </ClInclude>
    <ClInclude Include="const.h">
      <Filter>Header Files</Filter>
    </ClInclude>
    <ClInclude Include="cronixie.h">
      <Filter>Header Files</Filter>
    </ClInclude>
    <ClInclude Include="dmx.h">
      <Filter>Header Files</Filter>
    </ClInclude>
    <ClInclude Include="file.h">
      <Filter>Header Files</Filter>
    </ClInclude>
    <ClInclude Include="html_ui.h">
      <Filter>Header Files</Filter>
    </ClInclude>
    <ClInclude Include="hue.h">
      <Filter>Header Files</Filter>
    </ClInclude>
    <ClInclude Include="ir.h">
      <Filter>Header Files</Filter>
    </ClInclude>
    <ClInclude Include="json.h">
      <Filter>Header Files</Filter>
    </ClInclude>
    <ClInclude Include="led.h">
      <Filter>Header Files</Filter>
    </ClInclude>
    <ClInclude Include="mqtt.h">
      <Filter>Header Files</Filter>
    </ClInclude>
    <ClInclude Include="notify.h">
      <Filter>Header Files</Filter>
    </ClInclude>
    <ClInclude Include="ntp.h">
      <Filter>Header Files</Filter>
    </ClInclude>
    <ClInclude Include="overlay.h">
      <Filter>Header Files</Filter>
    </ClInclude>
    <ClInclude Include="set.h">
      <Filter>Header Files</Filter>
    </ClInclude>
    <ClInclude Include="usermod.h">
      <Filter>Header Files</Filter>
    </ClInclude>
    <ClInclude Include="wled.h">
      <Filter>Header Files</Filter>
    </ClInclude>
    <ClInclude Include="wled_eeprom.h">
      <Filter>Header Files</Filter>
    </ClInclude>
    <ClInclude Include="wled_server.h">
      <Filter>Header Files</Filter>
    </ClInclude>
    <ClInclude Include="xml.h">
      <Filter>Header Files</Filter>
    </ClInclude>
    <ClInclude Include="ir_codes.h">
      <Filter>Header Files</Filter>
    </ClInclude>
    <ClInclude Include="palettes.h">
      <Filter>Header Files</Filter>
    </ClInclude>
  </ItemGroup>
  <ItemGroup>
    <ClCompile Include="FX.cpp">
      <Filter>Source Files</Filter>
    </ClCompile>
    <ClCompile Include="FX_fcn.cpp">
      <Filter>Source Files</Filter>
    </ClCompile>
    <ClCompile Include="src\dependencies\blynk\Blynk\utility.cpp">
      <Filter>Source Files\Dependencies</Filter>
    </ClCompile>
    <ClCompile Include="src\dependencies\async-mqtt-client\AsyncMqttClient.cpp">
      <Filter>Source Files\Dependencies</Filter>
    </ClCompile>
    <ClCompile Include="src\dependencies\blynk\Blynk\BlynkDebug.cpp">
      <Filter>Source Files\Dependencies</Filter>
    </ClCompile>
    <ClCompile Include="src\dependencies\blynk\Blynk\BlynkHandlers.cpp">
      <Filter>Source Files\Dependencies</Filter>
    </ClCompile>
    <ClCompile Include="src\dependencies\blynk\Blynk\BlynkTimer.cpp">
      <Filter>Source Files\Dependencies</Filter>
    </ClCompile>
    <ClCompile Include="src\dependencies\async-mqtt-client\AsyncMqttClient\Packets\ConnAckPacket.cpp">
      <Filter>Source Files\Dependencies</Filter>
    </ClCompile>
    <ClCompile Include="src\dependencies\time\DateStrings.cpp">
      <Filter>Source Files\Dependencies</Filter>
    </ClCompile>
    <ClCompile Include="src\dependencies\espalexa\EspalexaDevice.cpp">
      <Filter>Source Files\Dependencies</Filter>
    </ClCompile>
    <ClCompile Include="src\dependencies\e131\ESPAsyncE131.cpp">
      <Filter>Source Files\Dependencies</Filter>
    </ClCompile>
    <ClCompile Include="src\dependencies\async-mqtt-client\AsyncMqttClient\Packets\PingRespPacket.cpp">
      <Filter>Source Files\Dependencies</Filter>
    </ClCompile>
    <ClCompile Include="src\dependencies\async-mqtt-client\AsyncMqttClient\Packets\PubAckPacket.cpp">
      <Filter>Source Files\Dependencies</Filter>
    </ClCompile>
    <ClCompile Include="src\dependencies\async-mqtt-client\AsyncMqttClient\Packets\PubCompPacket.cpp">
      <Filter>Source Files\Dependencies</Filter>
    </ClCompile>
    <ClCompile Include="src\dependencies\async-mqtt-client\AsyncMqttClient\Packets\PublishPacket.cpp">
      <Filter>Source Files\Dependencies</Filter>
    </ClCompile>
    <ClCompile Include="src\dependencies\async-mqtt-client\AsyncMqttClient\Packets\PubRecPacket.cpp">
      <Filter>Source Files\Dependencies</Filter>
    </ClCompile>
    <ClCompile Include="src\dependencies\async-mqtt-client\AsyncMqttClient\Packets\PubRelPacket.cpp">
      <Filter>Source Files\Dependencies</Filter>
    </ClCompile>
    <ClCompile Include="src\dependencies\async-mqtt-client\AsyncMqttClient\Packets\SubAckPacket.cpp">
      <Filter>Source Files\Dependencies</Filter>
    </ClCompile>
    <ClCompile Include="src\dependencies\time\Time.cpp">
      <Filter>Source Files\Dependencies</Filter>
    </ClCompile>
    <ClCompile Include="src\dependencies\timezone\Timezone.cpp">
      <Filter>Source Files\Dependencies</Filter>
    </ClCompile>
    <ClCompile Include="src\dependencies\async-mqtt-client\AsyncMqttClient\Packets\UnsubAckPacket.cpp">
      <Filter>Source Files\Dependencies</Filter>
    </ClCompile>
    <ClCompile Include="alexa.cpp">
      <Filter>Source Files</Filter>
    </ClCompile>
    <ClCompile Include="blynk.cpp">
      <Filter>Source Files</Filter>
    </ClCompile>
    <ClCompile Include="button.cpp">
      <Filter>Source Files</Filter>
    </ClCompile>
    <ClCompile Include="colors.cpp">
      <Filter>Source Files</Filter>
    </ClCompile>
    <ClCompile Include="cronixie.cpp">
      <Filter>Source Files</Filter>
    </ClCompile>
    <ClCompile Include="file.cpp">
      <Filter>Source Files</Filter>
    </ClCompile>
    <ClCompile Include="hue.cpp">
      <Filter>Source Files</Filter>
    </ClCompile>
    <ClCompile Include="ir.cpp">
      <Filter>Source Files</Filter>
    </ClCompile>
    <ClCompile Include="json.cpp">
      <Filter>Source Files</Filter>
    </ClCompile>
    <ClCompile Include="led.cpp">
      <Filter>Source Files</Filter>
    </ClCompile>
    <ClCompile Include="mqtt.cpp">
      <Filter>Source Files</Filter>
    </ClCompile>
    <ClCompile Include="notify.cpp">
      <Filter>Source Files</Filter>
    </ClCompile>
    <ClCompile Include="ntp.cpp">
      <Filter>Source Files</Filter>
    </ClCompile>
    <ClCompile Include="overlay.cpp">
      <Filter>Source Files</Filter>
    </ClCompile>
    <ClCompile Include="set.cpp">
      <Filter>Source Files</Filter>
    </ClCompile>
    <ClCompile Include="usermod.cpp">
      <Filter>Source Files</Filter>
    </ClCompile>
    <ClCompile Include="wled.cpp">
      <Filter>Source Files</Filter>
    </ClCompile>
    <ClCompile Include="wled_eeprom.cpp">
      <Filter>Source Files</Filter>
    </ClCompile>
    <ClCompile Include="wled_server.cpp">
      <Filter>Source Files</Filter>
    </ClCompile>
    <ClCompile Include="xml.cpp">
      <Filter>Source Files</Filter>
    </ClCompile>
  </ItemGroup>
</Project>