<?xml version="1.0" encoding="utf-8"?>
<Project ToolsVersion="4.0" xmlns="http://schemas.microsoft.com/developer/msbuild/2003">
  <ItemGroup>
    <Filter Include="Header Files">
      <UniqueIdentifier>{93995380-89BD-4b04-88EB-625FBE52EBFB}</UniqueIdentifier>
      <Extensions>h;hh;hpp;hxx;hm;inl;inc;xsd</Extensions>
    </Filter>
    <Filter Include="HTML_Files">
      <UniqueIdentifier>{07003ae3-ee16-4229-bc29-e3eaf237f309}</UniqueIdentifier>
    </Filter>
    <Filter Include="Neopixel">
      <UniqueIdentifier>{88b74932-5691-4332-a5de-0d0ffde24cbc}</UniqueIdentifier>
    </Filter>
    <Filter Include="Driver">
      <UniqueIdentifier>{8d9187a7-35a3-43f4-8594-ce9d8201c9fa}</UniqueIdentifier>
    </Filter>
    <Filter Include="Driver\IRCodes">
      <UniqueIdentifier>{51107a54-cc0f-4634-aa8f-dc9ef2efcc1a}</UniqueIdentifier>
    </Filter>
    <Filter Include="Driver\Timezone">
      <UniqueIdentifier>{7e94a843-4976-4f68-8d16-ad86dc671d8b}</UniqueIdentifier>
    </Filter>
    <Filter Include="Driver\Time">
      <UniqueIdentifier>{8d017995-5ec1-4f9b-9fec-15eac3f67d8b}</UniqueIdentifier>
    </Filter>
    <Filter Include="Driver\E131">
      <UniqueIdentifier>{0c869eec-7eee-4938-be1c-52e077665bc4}</UniqueIdentifier>
    </Filter>
    <Filter Include="Driver\Blynk">
      <UniqueIdentifier>{c4aad2e6-4ad1-476e-acd6-ea252920340e}</UniqueIdentifier>
    </Filter>
    <Filter Include="Driver\ESPAlexa">
      <UniqueIdentifier>{f2bb7651-d6fb-46c5-84fe-422516370a95}</UniqueIdentifier>
    </Filter>
    <Filter Include="Driver\AsyncJson">
      <UniqueIdentifier>{a7f6ad20-1030-42a9-b732-a41ad3552f09}</UniqueIdentifier>
    </Filter>
    <Filter Include="Driver\AsyncMqttClient">
      <UniqueIdentifier>{96fd4330-2a50-440e-990e-c70e5c8fe484}</UniqueIdentifier>
    </Filter>
    <Filter Include="Driver\TPM2.Net">
      <UniqueIdentifier>{10825986-f66c-4a70-8574-cbf27c310b47}</UniqueIdentifier>
    </Filter>
  </ItemGroup>
  <ItemGroup>
    <None Include="wled00\wled21_tpm2net.ino" />
    <None Include="wled00\wled00.ino" />
    <None Include="wled00\wled01_eeprom.ino" />
    <None Include="wled00\wled02_xml.ino" />
    <None Include="wled00\wled03_set.ino" />
    <None Include="wled00\wled04_file.ino" />
    <None Include="wled00\wled05_init.ino" />
    <None Include="wled00\wled06_usermod.ino" />
    <None Include="wled00\wled07_notify.ino" />
    <None Include="wled00\wled08_led.ino" />
    <None Include="wled00\wled09_button.ino" />
    <None Include="wled00\wled10_ntp.ino" />
    <None Include="wled00\wled11_ol.ino" />
    <None Include="wled00\wled12_alexa.ino" />
    <None Include="wled00\wled13_cronixie.ino" />
    <None Include="wled00\wled14_colors.ino" />
    <None Include="wled00\wled15_hue.ino" />
    <None Include="wled00\wled16_blynk.ino" />
    <None Include="wled00\wled17_mqtt.ino" />
    <None Include="wled00\wled18_server.ino" />
    <None Include="wled00\wled19_json.ino" />
    <None Include="wled00\wled20_ir.ino" />
  </ItemGroup>
  <ItemGroup>
    <ClInclude Include="__vm\.wled00.vsarduino.h">
      <Filter>Header Files</Filter>
    </ClInclude>
    <ClInclude Include="__vm\.WLED.vsarduino.h">
      <Filter>Header Files</Filter>
    </ClInclude>
    <!-- ClInclude Include="wled00\html_classic.h">
      <Filter>Header Files</Filter>
    </ClInclude> -->
    <ClInclude Include="wled00\html_classic.h">
      <Filter>HTML_Files</Filter>
    </ClInclude>
    <ClInclude Include="wled00\html_mobile.h">
      <Filter>HTML_Files</Filter>
    </ClInclude>
    <ClInclude Include="wled00\html_other.h">
      <Filter>HTML_Files</Filter>
    </ClInclude>
    <ClInclude Include="wled00\html_settings.h">
      <Filter>HTML_Files</Filter>
    </ClInclude>
    <ClInclude Include="wled00\palettes.h">
      <Filter>Neopixel</Filter>
    </ClInclude>
    <ClInclude Include="wled00\NpbWrapper.h">
      <Filter>Neopixel</Filter>
    </ClInclude>
    <ClInclude Include="wled00\ir_codes.h">
      <Filter>Driver\IRCodes</Filter>
    </ClInclude>
    <ClInclude Include="wled00\WS2812FX.h">
      <Filter>Neopixel</Filter>
    </ClInclude>
    <ClInclude Include="wled00\src\dependencies\timezone\Timezone.h">
      <Filter>Driver\Timezone</Filter>
    </ClInclude>
    <ClInclude Include="wled00\src\dependencies\time\Time.h">
      <Filter>Driver\Time</Filter>
    </ClInclude>
    <ClInclude Include="wled00\src\dependencies\time\TimeLib.h">
      <Filter>Driver\Time</Filter>
    </ClInclude>
    <ClInclude Include="wled00\src\dependencies\e131\E131.h">
      <Filter>Driver\E131</Filter>
    </ClInclude>
    <ClInclude Include="wled00\src\dependencies\espalexa\Espalexa.h">
      <Filter>Driver\ESPAlexa</Filter>
    </ClInclude>
    <ClInclude Include="wled00\src\dependencies\espalexa\EspalexaDevice.h">
      <Filter>Driver\ESPAlexa</Filter>
    </ClInclude>
    <ClInclude Include="wled00\src\dependencies\json\AsyncJson-v6.h">
      <Filter>Driver\AsyncJson</Filter>
    </ClInclude>
    <ClInclude Include="wled00\src\dependencies\json\ArduinoJson-v6.h">
      <Filter>Driver\AsyncJson</Filter>
    </ClInclude>
    <ClInclude Include="wled00\src\dependencies\blynk\Blynk\BlynkApi.h">
      <Filter>Driver\Blynk</Filter>
    </ClInclude>
    <ClInclude Include="wled00\src\dependencies\blynk\Blynk\BlynkApiArduino.h">
      <Filter>Driver\Blynk</Filter>
    </ClInclude>
    <ClInclude Include="wled00\src\dependencies\blynk\Blynk\BlynkArduinoClient.h">
      <Filter>Driver\Blynk</Filter>
    </ClInclude>
    <ClInclude Include="wled00\src\dependencies\blynk\Blynk\BlynkConfig.h">
      <Filter>Driver\Blynk</Filter>
    </ClInclude>
    <ClInclude Include="wled00\src\dependencies\blynk\Blynk\BlynkDateTime.h">
      <Filter>Driver\Blynk</Filter>
    </ClInclude>
    <ClInclude Include="wled00\src\dependencies\blynk\Blynk\BlynkDebug.h">
      <Filter>Driver\Blynk</Filter>
    </ClInclude>
    <ClInclude Include="wled00\src\dependencies\blynk\Blynk\BlynkDetectDevice.h">
      <Filter>Driver\Blynk</Filter>
    </ClInclude>
    <ClInclude Include="wled00\src\dependencies\blynk\Blynk\BlynkEveryN.h">
      <Filter>Driver\Blynk</Filter>
    </ClInclude>
    <ClInclude Include="wled00\src\dependencies\blynk\Blynk\BlynkFifo.h">
      <Filter>Driver\Blynk</Filter>
    </ClInclude>
    <ClInclude Include="wled00\src\dependencies\blynk\Blynk\BlynkHandlers.h">
      <Filter>Driver\Blynk</Filter>
    </ClInclude>
    <ClInclude Include="wled00\src\dependencies\blynk\Blynk\BlynkParam.h">
      <Filter>Driver\Blynk</Filter>
    </ClInclude>
    <ClInclude Include="wled00\src\dependencies\blynk\Blynk\BlynkProtocol.h">
      <Filter>Driver\Blynk</Filter>
    </ClInclude>
    <ClInclude Include="wled00\src\dependencies\blynk\Blynk\BlynkProtocolDefs.h">
      <Filter>Driver\Blynk</Filter>
    </ClInclude>
    <ClInclude Include="wled00\src\dependencies\blynk\BlynkSimpleEsp.h">
      <Filter>Driver\Blynk</Filter>
    </ClInclude>
    <ClInclude Include="wled00\src\dependencies\blynk\Blynk\BlynkTemplates.h">
      <Filter>Driver\Blynk</Filter>
    </ClInclude>
    <ClInclude Include="wled00\src\dependencies\blynk\Blynk\BlynkTimer.h">
      <Filter>Driver\Blynk</Filter>
    </ClInclude>
    <ClInclude Include="wled00\src\dependencies\blynk\Blynk\BlynkUtility.h">
      <Filter>Driver\Blynk</Filter>
    </ClInclude>
    <ClInclude Include="wled00\src\dependencies\blynk\Blynk\BlynkWidgetBase.h">
      <Filter>Driver\Blynk</Filter>
    </ClInclude>
    <ClInclude Include="wled00\src\dependencies\blynk\Blynk\BlynkWiFiCommon.h">
      <Filter>Driver\Blynk</Filter>
    </ClInclude>
    <ClInclude Include="wled00\src\dependencies\async-mqtt-client\AsyncMqttClient.h">
      <Filter>Driver\AsyncMqttClient</Filter>
    </ClInclude>
    <ClInclude Include="wled00\src\dependencies\async-mqtt-client\AsyncMqttClient.hpp">
      <Filter>Driver\AsyncMqttClient</Filter>
    </ClInclude>
    <ClInclude Include="wled00\src\dependencies\async-mqtt-client\AsyncMqttClient\Callbacks.hpp">
      <Filter>Driver\AsyncMqttClient</Filter>
    </ClInclude>
    <ClInclude Include="wled00\src\dependencies\async-mqtt-client\AsyncMqttClient\Packets\ConnAckPacket.hpp">
      <Filter>Driver\AsyncMqttClient</Filter>
    </ClInclude>
    <ClInclude Include="wled00\src\dependencies\async-mqtt-client\AsyncMqttClient\DisconnectReasons.hpp">
      <Filter>Driver\AsyncMqttClient</Filter>
    </ClInclude>
    <ClInclude Include="wled00\src\dependencies\async-mqtt-client\AsyncMqttClient\Flags.hpp">
      <Filter>Driver\AsyncMqttClient</Filter>
    </ClInclude>
    <ClInclude Include="wled00\src\dependencies\async-mqtt-client\AsyncMqttClient\Helpers.hpp">
      <Filter>Driver\AsyncMqttClient</Filter>
    </ClInclude>
    <ClInclude Include="wled00\src\dependencies\async-mqtt-client\AsyncMqttClient\MessageProperties.hpp">
      <Filter>Driver\AsyncMqttClient</Filter>
    </ClInclude>
    <ClInclude Include="wled00\src\dependencies\async-mqtt-client\AsyncMqttClient\Packets\Packet.hpp">
      <Filter>Driver\AsyncMqttClient</Filter>
    </ClInclude>
    <ClInclude Include="wled00\src\dependencies\async-mqtt-client\AsyncMqttClient\ParsingInformation.hpp">
      <Filter>Driver\AsyncMqttClient</Filter>
    </ClInclude>
    <ClInclude Include="wled00\src\dependencies\async-mqtt-client\AsyncMqttClient\Packets\PingRespPacket.hpp">
      <Filter>Driver\AsyncMqttClient</Filter>
    </ClInclude>
    <ClInclude Include="wled00\src\dependencies\async-mqtt-client\AsyncMqttClient\Packets\PubAckPacket.hpp">
      <Filter>Driver\AsyncMqttClient</Filter>
    </ClInclude>
    <ClInclude Include="wled00\src\dependencies\async-mqtt-client\AsyncMqttClient\Packets\PubCompPacket.hpp">
      <Filter>Driver\AsyncMqttClient</Filter>
    </ClInclude>
    <ClInclude Include="wled00\src\dependencies\async-mqtt-client\AsyncMqttClient\Packets\PublishPacket.hpp">
      <Filter>Driver\AsyncMqttClient</Filter>
    </ClInclude>
    <ClInclude Include="wled00\src\dependencies\async-mqtt-client\AsyncMqttClient\Packets\PubRecPacket.hpp">
      <Filter>Driver\AsyncMqttClient</Filter>
    </ClInclude>
    <ClInclude Include="wled00\src\dependencies\async-mqtt-client\AsyncMqttClient\Packets\PubRelPacket.hpp">
      <Filter>Driver\AsyncMqttClient</Filter>
    </ClInclude>
    <ClInclude Include="wled00\src\dependencies\async-mqtt-client\AsyncMqttClient\Storage.hpp">
      <Filter>Driver\AsyncMqttClient</Filter>
    </ClInclude>
    <ClInclude Include="wled00\src\dependencies\async-mqtt-client\AsyncMqttClient\Packets\SubAckPacket.hpp">
      <Filter>Driver\AsyncMqttClient</Filter>
    </ClInclude>
    <ClInclude Include="wled00\src\dependencies\async-mqtt-client\AsyncMqttClient\Packets\UnsubAckPacket.hpp">
      <Filter>Driver\AsyncMqttClient</Filter>
    </ClInclude>
    <ClInclude Include="wled00\src\dependencies\tpm2net\tpm2net.h">
      <Filter>Driver\TPM2.Net</Filter>
    </ClInclude>
  </ItemGroup>
  <ItemGroup>
    <ClCompile Include="wled00\WS2812FX.cpp">
      <Filter>Neopixel</Filter>
    </ClCompile>
    <ClCompile Include="wled00\WS2812FX_fcn.cpp">
      <Filter>Neopixel</Filter>
    </ClCompile>
    <ClCompile Include="wled00\src\dependencies\time\Time.cpp">
      <Filter>Driver\Time</Filter>
    </ClCompile>
    <ClCompile Include="wled00\src\dependencies\timezone\Timezone.cpp">
      <Filter>Driver\Timezone</Filter>
    </ClCompile>
    <ClCompile Include="wled00\src\dependencies\e131\E131.cpp">
      <Filter>Driver\E131</Filter>
    </ClCompile>
    <ClCompile Include="wled00\src\dependencies\espalexa\EspalexaDevice.cpp">
      <Filter>Driver\ESPAlexa</Filter>
    </ClCompile>
    <ClCompile Include="wled00\src\dependencies\blynk\Blynk\BlynkDebug.cpp">
      <Filter>Driver\Blynk</Filter>
    </ClCompile>
    <ClCompile Include="wled00\src\dependencies\blynk\Blynk\BlynkHandlers.cpp">
      <Filter>Driver\Blynk</Filter>
    </ClCompile>
    <ClCompile Include="wled00\src\dependencies\blynk\Blynk\BlynkTimer.cpp">
      <Filter>Driver\Blynk</Filter>
    </ClCompile>
    <ClCompile Include="wled00\src\dependencies\async-mqtt-client\AsyncMqttClient.cpp">
      <Filter>Driver\AsyncMqttClient</Filter>
    </ClCompile>
    <ClCompile Include="wled00\src\dependencies\blynk\Blynk\utility.cpp">
      <Filter>Driver\Blynk</Filter>
    </ClCompile>
    <ClCompile Include="wled00\src\dependencies\async-mqtt-client\AsyncMqttClient\Packets\UnsubAckPacket.cpp">
      <Filter>Driver\AsyncMqttClient</Filter>
    </ClCompile>
    <ClCompile Include="wled00\src\dependencies\async-mqtt-client\AsyncMqttClient\Packets\SubAckPacket.cpp">
      <Filter>Driver\AsyncMqttClient</Filter>
    </ClCompile>
    <ClCompile Include="wled00\src\dependencies\async-mqtt-client\AsyncMqttClient\Packets\PubRelPacket.cpp">
      <Filter>Driver\AsyncMqttClient</Filter>
    </ClCompile>
    <ClCompile Include="wled00\src\dependencies\async-mqtt-client\AsyncMqttClient\Packets\PubRecPacket.cpp">
      <Filter>Driver\AsyncMqttClient</Filter>
    </ClCompile>
    <ClCompile Include="wled00\src\dependencies\async-mqtt-client\AsyncMqttClient\Packets\PublishPacket.cpp">
      <Filter>Driver\AsyncMqttClient</Filter>
    </ClCompile>
    <ClCompile Include="wled00\src\dependencies\async-mqtt-client\AsyncMqttClient\Packets\PubCompPacket.cpp">
      <Filter>Driver\AsyncMqttClient</Filter>
    </ClCompile>
    <ClCompile Include="wled00\src\dependencies\async-mqtt-client\AsyncMqttClient\Packets\PubAckPacket.cpp">
      <Filter>Driver\AsyncMqttClient</Filter>
    </ClCompile>
    <ClCompile Include="wled00\src\dependencies\async-mqtt-client\AsyncMqttClient\Packets\PingRespPacket.cpp">
      <Filter>Driver\AsyncMqttClient</Filter>
    </ClCompile>
    <ClCompile Include="wled00\src\dependencies\time\DateStrings.cpp">
      <Filter>Driver\Time</Filter>
    </ClCompile>
    <ClCompile Include="wled00\src\dependencies\async-mqtt-client\AsyncMqttClient\Packets\ConnAckPacket.cpp">
      <Filter>Driver\AsyncMqttClient</Filter>
    </ClCompile>
    <ClCompile Include="wled00\src\dependencies\tpm2net\tpm2net.cpp">
      <Filter>Driver\TPM2.Net</Filter>
    </ClCompile>
  </ItemGroup>
</Project>